// !$*UTF8*$!
{
	archiveVersion = 1;
	classes = {
	};
	objectVersion = 46;
	objects = {

/* Begin PBXBuildFile section */
		263E746519DE308B00622DB4 /* main.c in Sources */ = {isa = PBXBuildFile; fileRef = 263E746019DE308B00622DB4 /* main.c */; };
		263E746619DE308B00622DB4 /* PacWar.c in Sources */ = {isa = PBXBuildFile; fileRef = 263E746119DE308B00622DB4 /* PacWar.c */; };
		263E746719DE308B00622DB4 /* sort.c in Sources */ = {isa = PBXBuildFile; fileRef = 263E746319DE308B00622DB4 /* sort.c */; };
		266A706519F2CE990050310C /* Utils.c in Sources */ = {isa = PBXBuildFile; fileRef = 266A706319F2CE990050310C /* Utils.c */; };
		266A707319F2F6F80050310C /* dual.c in Sources */ = {isa = PBXBuildFile; fileRef = 266A706619F2E8190050310C /* dual.c */; };
		266A707419F2F6F80050310C /* Utils.c in Sources */ = {isa = PBXBuildFile; fileRef = 266A706319F2CE990050310C /* Utils.c */; };
		266A707519F2F6F80050310C /* Utils.h in Sources */ = {isa = PBXBuildFile; fileRef = 266A706419F2CE990050310C /* Utils.h */; };
		266A707719F2F6F80050310C /* PacWar.c in Sources */ = {isa = PBXBuildFile; fileRef = 263E746119DE308B00622DB4 /* PacWar.c */; };
		266A707819F2F6F80050310C /* PacWar.h in Sources */ = {isa = PBXBuildFile; fileRef = 263E746219DE308B00622DB4 /* PacWar.h */; };
		266A707919F2F6F80050310C /* sort.c in Sources */ = {isa = PBXBuildFile; fileRef = 263E746319DE308B00622DB4 /* sort.c */; };
		266A707A19F2F6F80050310C /* sort.h in Sources */ = {isa = PBXBuildFile; fileRef = 263E746419DE308B00622DB4 /* sort.h */; };
/* End PBXBuildFile section */

/* Begin PBXCopyFilesBuildPhase section */
		266A706A19F2F6E00050310C /* CopyFiles */ = {
			isa = PBXCopyFilesBuildPhase;
			buildActionMask = 2147483647;
			dstPath = /usr/share/man/man1/;
			dstSubfolderSpec = 0;
			files = (
			);
			runOnlyForDeploymentPostprocessing = 1;
		};
		26FE3AC519C12CF4009CE1F0 /* Copy Files */ = {
			isa = PBXCopyFilesBuildPhase;
			buildActionMask = 2147483647;
			dstPath = /usr/share/man/man1/;
			dstSubfolderSpec = 0;
			files = (
			);
			name = "Copy Files";
			runOnlyForDeploymentPostprocessing = 1;
		};
/* End PBXCopyFilesBuildPhase section */

/* Begin PBXFileReference section */
		263E745F19DCEF8100622DB4 /* init_population.txt */ = {isa = PBXFileReference; fileEncoding = 4; lastKnownFileType = text; name = init_population.txt; path = linux/init_population.txt; sourceTree = SOURCE_ROOT; };
		263E746019DE308B00622DB4 /* main.c */ = {isa = PBXFileReference; fileEncoding = 4; lastKnownFileType = sourcecode.c.c; name = main.c; path = linux/main.c; sourceTree = SOURCE_ROOT; };
		263E746119DE308B00622DB4 /* PacWar.c */ = {isa = PBXFileReference; fileEncoding = 4; lastKnownFileType = sourcecode.c.c; name = PacWar.c; path = linux/PacWar.c; sourceTree = SOURCE_ROOT; };
		263E746219DE308B00622DB4 /* PacWar.h */ = {isa = PBXFileReference; fileEncoding = 4; lastKnownFileType = sourcecode.c.h; name = PacWar.h; path = linux/PacWar.h; sourceTree = SOURCE_ROOT; };
		263E746319DE308B00622DB4 /* sort.c */ = {isa = PBXFileReference; fileEncoding = 4; lastKnownFileType = sourcecode.c.c; name = sort.c; path = linux/sort.c; sourceTree = SOURCE_ROOT; };
		263E746419DE308B00622DB4 /* sort.h */ = {isa = PBXFileReference; fileEncoding = 4; lastKnownFileType = sourcecode.c.h; name = sort.h; path = linux/sort.h; sourceTree = SOURCE_ROOT; };
		266A706319F2CE990050310C /* Utils.c */ = {isa = PBXFileReference; fileEncoding = 4; lastKnownFileType = sourcecode.c.c; name = Utils.c; path = linux/Utils.c; sourceTree = SOURCE_ROOT; };
		266A706419F2CE990050310C /* Utils.h */ = {isa = PBXFileReference; fileEncoding = 4; lastKnownFileType = sourcecode.c.h; name = Utils.h; path = linux/Utils.h; sourceTree = SOURCE_ROOT; };
		266A706619F2E8190050310C /* dual.c */ = {isa = PBXFileReference; fileEncoding = 4; lastKnownFileType = sourcecode.c.c; name = dual.c; path = linux/dual.c; sourceTree = SOURCE_ROOT; };
		266A706C19F2F6E00050310C /* Dual */ = {isa = PBXFileReference; explicitFileType = "compiled.mach-o.executable"; includeInIndex = 0; path = Dual; sourceTree = BUILT_PRODUCTS_DIR; };
		266A706E19F2F6E00050310C /* main.m */ = {isa = PBXFileReference; lastKnownFileType = sourcecode.c.objc; path = main.m; sourceTree = "<group>"; };
		26FE3AC719C12CF4009CE1F0 /* Pacwar */ = {isa = PBXFileReference; explicitFileType = "compiled.mach-o.executable"; includeInIndex = 0; path = Pacwar; sourceTree = BUILT_PRODUCTS_DIR; };
/* End PBXFileReference section */

/* Begin PBXFrameworksBuildPhase section */
		266A706919F2F6E00050310C /* Frameworks */ = {
			isa = PBXFrameworksBuildPhase;
			buildActionMask = 2147483647;
			files = (
			);
			runOnlyForDeploymentPostprocessing = 0;
		};
		26FE3AC419C12CF4009CE1F0 /* Frameworks */ = {
			isa = PBXFrameworksBuildPhase;
			buildActionMask = 2147483647;
			files = (
			);
			runOnlyForDeploymentPostprocessing = 0;
		};
/* End PBXFrameworksBuildPhase section */

/* Begin PBXGroup section */
		266A706D19F2F6E00050310C /* Dual */ = {
			isa = PBXGroup;
			children = (
				266A706E19F2F6E00050310C /* main.m */,
			);
			path = Dual;
			sourceTree = "<group>";
		};
		26FE3ABE19C12CF4009CE1F0 = {
			isa = PBXGroup;
			children = (
				26FE3AC919C12CF4009CE1F0 /* Pacwar */,
				266A706D19F2F6E00050310C /* Dual */,
				26FE3AC819C12CF4009CE1F0 /* Products */,
			);
			sourceTree = "<group>";
		};
		26FE3AC819C12CF4009CE1F0 /* Products */ = {
			isa = PBXGroup;
			children = (
				26FE3AC719C12CF4009CE1F0 /* Pacwar */,
				266A706C19F2F6E00050310C /* Dual */,
			);
			name = Products;
			sourceTree = "<group>";
		};
		26FE3AC919C12CF4009CE1F0 /* Pacwar */ = {
			isa = PBXGroup;
			children = (
				266A706619F2E8190050310C /* dual.c */,
				266A706319F2CE990050310C /* Utils.c */,
				266A706419F2CE990050310C /* Utils.h */,
				263E746019DE308B00622DB4 /* main.c */,
				263E746119DE308B00622DB4 /* PacWar.c */,
				263E746219DE308B00622DB4 /* PacWar.h */,
				263E746319DE308B00622DB4 /* sort.c */,
				263E746419DE308B00622DB4 /* sort.h */,
				263E745F19DCEF8100622DB4 /* init_population.txt */,
				26FE3ADE19C12D5B009CE1F0 /* lib */,
			);
			path = Pacwar;
			sourceTree = "<group>";
		};
		26FE3ADE19C12D5B009CE1F0 /* lib */ = {
			isa = PBXGroup;
			children = (
			);
			name = lib;
			sourceTree = "<group>";
		};
/* End PBXGroup section */

/* Begin PBXNativeTarget section */
		266A706B19F2F6E00050310C /* Dual */ = {
			isa = PBXNativeTarget;
			buildConfigurationList = 266A707019F2F6E00050310C /* Build configuration list for PBXNativeTarget "Dual" */;
			buildPhases = (
				266A706819F2F6E00050310C /* Sources */,
				266A706919F2F6E00050310C /* Frameworks */,
				266A706A19F2F6E00050310C /* CopyFiles */,
			);
			buildRules = (
			);
			dependencies = (
			);
			name = Dual;
			productName = Dual;
			productReference = 266A706C19F2F6E00050310C /* Dual */;
			productType = "com.apple.product-type.tool";
		};
		26FE3AC619C12CF4009CE1F0 /* Pacwar */ = {
			isa = PBXNativeTarget;
			buildConfigurationList = 26FE3AD019C12CF4009CE1F0 /* Build configuration list for PBXNativeTarget "Pacwar" */;
			buildPhases = (
				26FE3AC319C12CF4009CE1F0 /* Sources */,
				26FE3AC419C12CF4009CE1F0 /* Frameworks */,
				26FE3AC519C12CF4009CE1F0 /* Copy Files */,
			);
			buildRules = (
			);
			dependencies = (
			);
			name = Pacwar;
			productName = Pacwar;
			productReference = 26FE3AC719C12CF4009CE1F0 /* Pacwar */;
			productType = "com.apple.product-type.tool";
		};
/* End PBXNativeTarget section */

/* Begin PBXProject section */
		26FE3ABF19C12CF4009CE1F0 /* Project object */ = {
			isa = PBXProject;
			attributes = {
				LastUpgradeCheck = 0510;
				ORGANIZATIONNAME = "___FULLUSERNAME___";
				TargetAttributes = {
					266A706B19F2F6E00050310C = {
						CreatedOnToolsVersion = 6.0.1;
					};
				};
			};
			buildConfigurationList = 26FE3AC219C12CF4009CE1F0 /* Build configuration list for PBXProject "Pacwar" */;
			compatibilityVersion = "Xcode 3.2";
			developmentRegion = English;
			hasScannedForEncodings = 0;
			knownRegions = (
				en,
			);
			mainGroup = 26FE3ABE19C12CF4009CE1F0;
			productRefGroup = 26FE3AC819C12CF4009CE1F0 /* Products */;
			projectDirPath = "";
			projectRoot = "";
			targets = (
				26FE3AC619C12CF4009CE1F0 /* Pacwar */,
				266A706B19F2F6E00050310C /* Dual */,
			);
		};
/* End PBXProject section */

/* Begin PBXSourcesBuildPhase section */
		266A706819F2F6E00050310C /* Sources */ = {
			isa = PBXSourcesBuildPhase;
			buildActionMask = 2147483647;
			files = (
				266A707319F2F6F80050310C /* dual.c in Sources */,
				266A707419F2F6F80050310C /* Utils.c in Sources */,
				266A707519F2F6F80050310C /* Utils.h in Sources */,
				266A707719F2F6F80050310C /* PacWar.c in Sources */,
				266A707819F2F6F80050310C /* PacWar.h in Sources */,
				266A707919F2F6F80050310C /* sort.c in Sources */,
				266A707A19F2F6F80050310C /* sort.h in Sources */,
			);
			runOnlyForDeploymentPostprocessing = 0;
		};
		26FE3AC319C12CF4009CE1F0 /* Sources */ = {
			isa = PBXSourcesBuildPhase;
			buildActionMask = 2147483647;
			files = (
				263E746719DE308B00622DB4 /* sort.c in Sources */,
				266A706519F2CE990050310C /* Utils.c in Sources */,
				263E746519DE308B00622DB4 /* main.c in Sources */,
				263E746619DE308B00622DB4 /* PacWar.c in Sources */,
			);
			runOnlyForDeploymentPostprocessing = 0;
		};
/* End PBXSourcesBuildPhase section */

/* Begin XCBuildConfiguration section */
		266A707119F2F6E00050310C /* Debug */ = {
			isa = XCBuildConfiguration;
			buildSettings = {
				CLANG_WARN_UNREACHABLE_CODE = YES;
				ENABLE_STRICT_OBJC_MSGSEND = YES;
				GCC_PREPROCESSOR_DEFINITIONS = (
					"DEBUG=1",
					"$(inherited)",
				);
				MACOSX_DEPLOYMENT_TARGET = 10.10;
				MTL_ENABLE_DEBUG_INFO = YES;
				PRODUCT_NAME = "$(TARGET_NAME)";
			};
			name = Debug;
		};
		266A707219F2F6E00050310C /* Release */ = {
			isa = XCBuildConfiguration;
			buildSettings = {
				CLANG_WARN_UNREACHABLE_CODE = YES;
				ENABLE_STRICT_OBJC_MSGSEND = YES;
				MACOSX_DEPLOYMENT_TARGET = 10.10;
				MTL_ENABLE_DEBUG_INFO = NO;
				PRODUCT_NAME = "$(TARGET_NAME)";
			};
			name = Release;
		};
		26FE3ACE19C12CF4009CE1F0 /* Debug */ = {
			isa = XCBuildConfiguration;
			buildSettings = {
				ALWAYS_SEARCH_USER_PATHS = NO;
				CLANG_CXX_LANGUAGE_STANDARD = "gnu++0x";
				CLANG_CXX_LIBRARY = "libc++";
				CLANG_ENABLE_MODULES = YES;
				CLANG_ENABLE_OBJC_ARC = YES;
				CLANG_WARN_BOOL_CONVERSION = YES;
				CLANG_WARN_CONSTANT_CONVERSION = YES;
				CLANG_WARN_DIRECT_OBJC_ISA_USAGE = YES_ERROR;
				CLANG_WARN_EMPTY_BODY = YES;
				CLANG_WARN_ENUM_CONVERSION = YES;
				CLANG_WARN_INT_CONVERSION = YES;
				CLANG_WARN_OBJC_ROOT_CLASS = YES_ERROR;
				CLANG_WARN__DUPLICATE_METHOD_MATCH = YES;
				COPY_PHASE_STRIP = NO;
				GCC_C_LANGUAGE_STANDARD = gnu99;
				GCC_DYNAMIC_NO_PIC = NO;
				GCC_ENABLE_OBJC_EXCEPTIONS = YES;
				GCC_OPTIMIZATION_LEVEL = 0;
				GCC_PREPROCESSOR_DEFINITIONS = (
					"DEBUG=1",
					"$(inherited)",
				);
				GCC_SYMBOLS_PRIVATE_EXTERN = NO;
				GCC_WARN_64_TO_32_BIT_CONVERSION = YES;
				GCC_WARN_ABOUT_RETURN_TYPE = YES_ERROR;
				GCC_WARN_UNDECLARED_SELECTOR = YES;
				GCC_WARN_UNINITIALIZED_AUTOS = YES_AGGRESSIVE;
				GCC_WARN_UNUSED_FUNCTION = YES;
				GCC_WARN_UNUSED_VARIABLE = YES;
				MACOSX_DEPLOYMENT_TARGET = 10.9;
				ONLY_ACTIVE_ARCH = YES;
				SDKROOT = macosx;
			};
			name = Debug;
		};
		26FE3ACF19C12CF4009CE1F0 /* Release */ = {
			isa = XCBuildConfiguration;
			buildSettings = {
				ALWAYS_SEARCH_USER_PATHS = NO;
				CLANG_CXX_LANGUAGE_STANDARD = "gnu++0x";
				CLANG_CXX_LIBRARY = "libc++";
				CLANG_ENABLE_MODULES = YES;
				CLANG_ENABLE_OBJC_ARC = YES;
				CLANG_WARN_BOOL_CONVERSION = YES;
				CLANG_WARN_CONSTANT_CONVERSION = YES;
				CLANG_WARN_DIRECT_OBJC_ISA_USAGE = YES_ERROR;
				CLANG_WARN_EMPTY_BODY = YES;
				CLANG_WARN_ENUM_CONVERSION = YES;
				CLANG_WARN_INT_CONVERSION = YES;
				CLANG_WARN_OBJC_ROOT_CLASS = YES_ERROR;
				CLANG_WARN__DUPLICATE_METHOD_MATCH = YES;
				COPY_PHASE_STRIP = YES;
				DEBUG_INFORMATION_FORMAT = "dwarf-with-dsym";
				ENABLE_NS_ASSERTIONS = NO;
				GCC_C_LANGUAGE_STANDARD = gnu99;
				GCC_ENABLE_OBJC_EXCEPTIONS = YES;
				GCC_WARN_64_TO_32_BIT_CONVERSION = YES;
				GCC_WARN_ABOUT_RETURN_TYPE = YES_ERROR;
				GCC_WARN_UNDECLARED_SELECTOR = YES;
				GCC_WARN_UNINITIALIZED_AUTOS = YES_AGGRESSIVE;
				GCC_WARN_UNUSED_FUNCTION = YES;
				GCC_WARN_UNUSED_VARIABLE = YES;
				MACOSX_DEPLOYMENT_TARGET = 10.9;
				SDKROOT = macosx;
			};
			name = Release;
		};
		26FE3AD119C12CF4009CE1F0 /* Debug */ = {
			isa = XCBuildConfiguration;
			buildSettings = {
				LIBRARY_SEARCH_PATHS = "$(inherited)";
				"LIBRARY_SEARCH_PATHS[arch=*]" = "";
				PRODUCT_NAME = "$(TARGET_NAME)";
			};
			name = Debug;
		};
		26FE3AD219C12CF4009CE1F0 /* Release */ = {
			isa = XCBuildConfiguration;
			buildSettings = {
				LIBRARY_SEARCH_PATHS = "$(inherited)";
				PRODUCT_NAME = "$(TARGET_NAME)";
			};
			name = Release;
		};
/* End XCBuildConfiguration section */

/* Begin XCConfigurationList section */
		266A707019F2F6E00050310C /* Build configuration list for PBXNativeTarget "Dual" */ = {
			isa = XCConfigurationList;
			buildConfigurations = (
				266A707119F2F6E00050310C /* Debug */,
				266A707219F2F6E00050310C /* Release */,
			);
			defaultConfigurationIsVisible = 0;
		};
		26FE3AC219C12CF4009CE1F0 /* Build configuration list for PBXProject "Pacwar" */ = {
			isa = XCConfigurationList;
			buildConfigurations = (
				26FE3ACE19C12CF4009CE1F0 /* Debug */,
				26FE3ACF19C12CF4009CE1F0 /* Release */,
			);
			defaultConfigurationIsVisible = 0;
			defaultConfigurationName = Release;
		};
		26FE3AD019C12CF4009CE1F0 /* Build configuration list for PBXNativeTarget "Pacwar" */ = {
			isa = XCConfigurationList;
			buildConfigurations = (
				26FE3AD119C12CF4009CE1F0 /* Debug */,
				26FE3AD219C12CF4009CE1F0 /* Release */,
			);
			defaultConfigurationIsVisible = 0;
			defaultConfigurationName = Release;
		};
/* End XCConfigurationList section */
	};
	rootObject = 26FE3ABF19C12CF4009CE1F0 /* Project object */;
}
